
Microsoft Visual Studio Solution File, Format Version 12.00
# Visual Studio Version 16
VisualStudioVersion = 16.0.29905.134
MinimumVisualStudioVersion = 10.0.40219.1
Project("{FAE04EC0-301F-11D3-BF4B-00C04F79EFBC}") = "Practise9", "Practise9\Practise9.csproj", "{30E664A0-E7AC-4018-9D90-E4F018051B37}"
EndProject
Global
	GlobalSection(SolutionConfigurationPlatforms) = preSolution
		Debug|Any CPU = Debug|Any CPU
		Release|Any CPU = Release|Any CPU
	EndGlobalSection
	GlobalSection(ProjectConfigurationPlatforms) = postSolution
		{30E664A0-E7AC-4018-9D90-E4F018051B37}.Debug|Any CPU.ActiveCfg = Debug|Any CPU
		{30E664A0-E7AC-4018-9D90-E4F018051B37}.Debug|Any CPU.Build.0 = Debug|Any CPU
		{30E664A0-E7AC-4018-9D90-E4F018051B37}.Release|Any CPU.ActiveCfg = Release|Any CPU
		{30E664A0-E7AC-4018-9D90-E4F018051B37}.Release|Any CPU.Build.0 = Release|Any CPU
	EndGlobalSection
	GlobalSection(SolutionProperties) = preSolution
		HideSolutionNode = FALSE
	EndGlobalSection
	GlobalSection(ExtensibilityGlobals) = postSolution
		SolutionGuid = {3A575ABF-3A14-44A8-886A-E10436F38D40}
	EndGlobalSection
EndGlobal
